
Microsoft Visual Studio Solution File, Format Version 12.00
# Visual Studio Version 16
VisualStudioVersion = 16.0.28803.156
MinimumVisualStudioVersion = 10.0.40219.1
Project("{FAE04EC0-301F-11D3-BF4B-00C04F79EFBC}") = "iDiabTools", "iDiabTools\iDiabTools\iDiabTools.csproj", "{23C4C69C-5A99-4077-AE22-B189039CFBE5}"
EndProject
Project("{FAE04EC0-301F-11D3-BF4B-00C04F79EFBC}") = "iDiabTools.Android", "iDiabTools\iDiabTools.Android\iDiabTools.Android.csproj", "{941E4DD6-D77F-4872-B6F0-4FC4B5E41E7C}"
EndProject
Project("{FAE04EC0-301F-11D3-BF4B-00C04F79EFBC}") = "iDiabTools.iOS", "iDiabTools\iDiabTools.iOS\iDiabTools.iOS.csproj", "{9C751FBB-6793-49B1-976F-EDE1581C9B98}"
EndProject
Project("{FAE04EC0-301F-11D3-BF4B-00C04F79EFBC}") = "iDiabTools.UWP", "iDiabTools\iDiabTools.UWP\iDiabTools.UWP.csproj", "{F6885FEC-1102-4725-9B5F-01E58EE9EA61}"
EndProject
Global
	GlobalSection(SolutionConfigurationPlatforms) = preSolution
		Ad-Hoc|Any CPU = Ad-Hoc|Any CPU
		Ad-Hoc|ARM = Ad-Hoc|ARM
		Ad-Hoc|iPhone = Ad-Hoc|iPhone
		Ad-Hoc|iPhoneSimulator = Ad-Hoc|iPhoneSimulator
		Ad-Hoc|x64 = Ad-Hoc|x64
		Ad-Hoc|x86 = Ad-Hoc|x86
		AppStore|Any CPU = AppStore|Any CPU
		AppStore|ARM = AppStore|ARM
		AppStore|iPhone = AppStore|iPhone
		AppStore|iPhoneSimulator = AppStore|iPhoneSimulator
		AppStore|x64 = AppStore|x64
		AppStore|x86 = AppStore|x86
		Debug|Any CPU = Debug|Any CPU
		Debug|ARM = Debug|ARM
		Debug|iPhone = Debug|iPhone
		Debug|iPhoneSimulator = Debug|iPhoneSimulator
		Debug|x64 = Debug|x64
		Debug|x86 = Debug|x86
		Release|Any CPU = Release|Any CPU
		Release|ARM = Release|ARM
		Release|iPhone = Release|iPhone
		Release|iPhoneSimulator = Release|iPhoneSimulator
		Release|x64 = Release|x64
		Release|x86 = Release|x86
	EndGlobalSection
	GlobalSection(ProjectConfigurationPlatforms) = postSolution
		{23C4C69C-5A99-4077-AE22-B189039CFBE5}.Ad-Hoc|Any CPU.ActiveCfg = Debug|Any CPU
		{23C4C69C-5A99-4077-AE22-B189039CFBE5}.Ad-Hoc|Any CPU.Build.0 = Debug|Any CPU
		{23C4C69C-5A99-4077-AE22-B189039CFBE5}.Ad-Hoc|ARM.ActiveCfg = Debug|Any CPU
		{23C4C69C-5A99-4077-AE22-B189039CFBE5}.Ad-Hoc|ARM.Build.0 = Debug|Any CPU
		{23C4C69C-5A99-4077-AE22-B189039CFBE5}.Ad-Hoc|iPhone.ActiveCfg = Debug|Any CPU
		{23C4C69C-5A99-4077-AE22-B189039CFBE5}.Ad-Hoc|iPhone.Build.0 = Debug|Any CPU
		{23C4C69C-5A99-4077-AE22-B189039CFBE5}.Ad-Hoc|iPhoneSimulator.ActiveCfg = Debug|Any CPU
		{23C4C69C-5A99-4077-AE22-B189039CFBE5}.Ad-Hoc|iPhoneSimulator.Build.0 = Debug|Any CPU
		{23C4C69C-5A99-4077-AE22-B189039CFBE5}.Ad-Hoc|x64.ActiveCfg = Debug|Any CPU
		{23C4C69C-5A99-4077-AE22-B189039CFBE5}.Ad-Hoc|x64.Build.0 = Debug|Any CPU
		{23C4C69C-5A99-4077-AE22-B189039CFBE5}.Ad-Hoc|x86.ActiveCfg = Debug|Any CPU
		{23C4C69C-5A99-4077-AE22-B189039CFBE5}.Ad-Hoc|x86.Build.0 = Debug|Any CPU
		{23C4C69C-5A99-4077-AE22-B189039CFBE5}.AppStore|Any CPU.ActiveCfg = Debug|Any CPU
		{23C4C69C-5A99-4077-AE22-B189039CFBE5}.AppStore|Any CPU.Build.0 = Debug|Any CPU
		{23C4C69C-5A99-4077-AE22-B189039CFBE5}.AppStore|ARM.ActiveCfg = Debug|Any CPU
		{23C4C69C-5A99-4077-AE22-B189039CFBE5}.AppStore|ARM.Build.0 = Debug|Any CPU
		{23C4C69C-5A99-4077-AE22-B189039CFBE5}.AppStore|iPhone.ActiveCfg = Debug|Any CPU
		{23C4C69C-5A99-4077-AE22-B189039CFBE5}.AppStore|iPhone.Build.0 = Debug|Any CPU
		{23C4C69C-5A99-4077-AE22-B189039CFBE5}.AppStore|iPhoneSimulator.ActiveCfg = Debug|Any CPU
		{23C4C69C-5A99-4077-AE22-B189039CFBE5}.AppStore|iPhoneSimulator.Build.0 = Debug|Any CPU
		{23C4C69C-5A99-4077-AE22-B189039CFBE5}.AppStore|x64.ActiveCfg = Debug|Any CPU
		{23C4C69C-5A99-4077-AE22-B189039CFBE5}.AppStore|x64.Build.0 = Debug|Any CPU
		{23C4C69C-5A99-4077-AE22-B189039CFBE5}.AppStore|x86.ActiveCfg = Debug|Any CPU
		{23C4C69C-5A99-4077-AE22-B189039CFBE5}.AppStore|x86.Build.0 = Debug|Any CPU
		{23C4C69C-5A99-4077-AE22-B189039CFBE5}.Debug|Any CPU.ActiveCfg = Debug|Any CPU
		{23C4C69C-5A99-4077-AE22-B189039CFBE5}.Debug|Any CPU.Build.0 = Debug|Any CPU
		{23C4C69C-5A99-4077-AE22-B189039CFBE5}.Debug|ARM.ActiveCfg = Debug|Any CPU
		{23C4C69C-5A99-4077-AE22-B189039CFBE5}.Debug|ARM.Build.0 = Debug|Any CPU
		{23C4C69C-5A99-4077-AE22-B189039CFBE5}.Debug|iPhone.ActiveCfg = Debug|Any CPU
		{23C4C69C-5A99-4077-AE22-B189039CFBE5}.Debug|iPhone.Build.0 = Debug|Any CPU
		{23C4C69C-5A99-4077-AE22-B189039CFBE5}.Debug|iPhoneSimulator.ActiveCfg = Debug|Any CPU
		{23C4C69C-5A99-4077-AE22-B189039CFBE5}.Debug|iPhoneSimulator.Build.0 = Debug|Any CPU
		{23C4C69C-5A99-4077-AE22-B189039CFBE5}.Debug|x64.ActiveCfg = Debug|Any CPU
		{23C4C69C-5A99-4077-AE22-B189039CFBE5}.Debug|x64.Build.0 = Debug|Any CPU
		{23C4C69C-5A99-4077-AE22-B189039CFBE5}.Debug|x86.ActiveCfg = Debug|Any CPU
		{23C4C69C-5A99-4077-AE22-B189039CFBE5}.Debug|x86.Build.0 = Debug|Any CPU
		{23C4C69C-5A99-4077-AE22-B189039CFBE5}.Release|Any CPU.ActiveCfg = Release|Any CPU
		{23C4C69C-5A99-4077-AE22-B189039CFBE5}.Release|Any CPU.Build.0 = Release|Any CPU
		{23C4C69C-5A99-4077-AE22-B189039CFBE5}.Release|ARM.ActiveCfg = Release|Any CPU
		{23C4C69C-5A99-4077-AE22-B189039CFBE5}.Release|ARM.Build.0 = Release|Any CPU
		{23C4C69C-5A99-4077-AE22-B189039CFBE5}.Release|iPhone.ActiveCfg = Release|Any CPU
		{23C4C69C-5A99-4077-AE22-B189039CFBE5}.Release|iPhone.Build.0 = Release|Any CPU
		{23C4C69C-5A99-4077-AE22-B189039CFBE5}.Release|iPhoneSimulator.ActiveCfg = Release|Any CPU
		{23C4C69C-5A99-4077-AE22-B189039CFBE5}.Release|iPhoneSimulator.Build.0 = Release|Any CPU
		{23C4C69C-5A99-4077-AE22-B189039CFBE5}.Release|x64.ActiveCfg = Release|Any CPU
		{23C4C69C-5A99-4077-AE22-B189039CFBE5}.Release|x64.Build.0 = Release|Any CPU
		{23C4C69C-5A99-4077-AE22-B189039CFBE5}.Release|x86.ActiveCfg = Release|Any CPU
		{23C4C69C-5A99-4077-AE22-B189039CFBE5}.Release|x86.Build.0 = Release|Any CPU
		{941E4DD6-D77F-4872-B6F0-4FC4B5E41E7C}.Ad-Hoc|Any CPU.ActiveCfg = Release|Any CPU
		{941E4DD6-D77F-4872-B6F0-4FC4B5E41E7C}.Ad-Hoc|Any CPU.Build.0 = Release|Any CPU
		{941E4DD6-D77F-4872-B6F0-4FC4B5E41E7C}.Ad-Hoc|Any CPU.Deploy.0 = Release|Any CPU
		{941E4DD6-D77F-4872-B6F0-4FC4B5E41E7C}.Ad-Hoc|ARM.ActiveCfg = Release|Any CPU
		{941E4DD6-D77F-4872-B6F0-4FC4B5E41E7C}.Ad-Hoc|ARM.Build.0 = Release|Any CPU
		{941E4DD6-D77F-4872-B6F0-4FC4B5E41E7C}.Ad-Hoc|ARM.Deploy.0 = Release|Any CPU
		{941E4DD6-D77F-4872-B6F0-4FC4B5E41E7C}.Ad-Hoc|iPhone.ActiveCfg = Release|Any CPU
		{941E4DD6-D77F-4872-B6F0-4FC4B5E41E7C}.Ad-Hoc|iPhone.Build.0 = Release|Any CPU
		{941E4DD6-D77F-4872-B6F0-4FC4B5E41E7C}.Ad-Hoc|iPhone.Deploy.0 = Release|Any CPU
		{941E4DD6-D77F-4872-B6F0-4FC4B5E41E7C}.Ad-Hoc|iPhoneSimulator.ActiveCfg = Release|Any CPU
		{941E4DD6-D77F-4872-B6F0-4FC4B5E41E7C}.Ad-Hoc|iPhoneSimulator.Build.0 = Release|Any CPU
		{941E4DD6-D77F-4872-B6F0-4FC4B5E41E7C}.Ad-Hoc|iPhoneSimulator.Deploy.0 = Release|Any CPU
		{941E4DD6-D77F-4872-B6F0-4FC4B5E41E7C}.Ad-Hoc|x64.ActiveCfg = Release|Any CPU
		{941E4DD6-D77F-4872-B6F0-4FC4B5E41E7C}.Ad-Hoc|x64.Build.0 = Release|Any CPU
		{941E4DD6-D77F-4872-B6F0-4FC4B5E41E7C}.Ad-Hoc|x64.Deploy.0 = Release|Any CPU
		{941E4DD6-D77F-4872-B6F0-4FC4B5E41E7C}.Ad-Hoc|x86.ActiveCfg = Release|Any CPU
		{941E4DD6-D77F-4872-B6F0-4FC4B5E41E7C}.Ad-Hoc|x86.Build.0 = Release|Any CPU
		{941E4DD6-D77F-4872-B6F0-4FC4B5E41E7C}.Ad-Hoc|x86.Deploy.0 = Release|Any CPU
		{941E4DD6-D77F-4872-B6F0-4FC4B5E41E7C}.AppStore|Any CPU.ActiveCfg = Release|Any CPU
		{941E4DD6-D77F-4872-B6F0-4FC4B5E41E7C}.AppStore|Any CPU.Build.0 = Release|Any CPU
		{941E4DD6-D77F-4872-B6F0-4FC4B5E41E7C}.AppStore|Any CPU.Deploy.0 = Release|Any CPU
		{941E4DD6-D77F-4872-B6F0-4FC4B5E41E7C}.AppStore|ARM.ActiveCfg = Release|Any CPU
		{941E4DD6-D77F-4872-B6F0-4FC4B5E41E7C}.AppStore|ARM.Build.0 = Release|Any CPU
		{941E4DD6-D77F-4872-B6F0-4FC4B5E41E7C}.AppStore|ARM.Deploy.0 = Release|Any CPU
		{941E4DD6-D77F-4872-B6F0-4FC4B5E41E7C}.AppStore|iPhone.ActiveCfg = Release|Any CPU
		{941E4DD6-D77F-4872-B6F0-4FC4B5E41E7C}.AppStore|iPhone.Build.0 = Release|Any CPU
		{941E4DD6-D77F-4872-B6F0-4FC4B5E41E7C}.AppStore|iPhone.Deploy.0 = Release|Any CPU
		{941E4DD6-D77F-4872-B6F0-4FC4B5E41E7C}.AppStore|iPhoneSimulator.ActiveCfg = Release|Any CPU
		{941E4DD6-D77F-4872-B6F0-4FC4B5E41E7C}.AppStore|iPhoneSimulator.Build.0 = Release|Any CPU
		{941E4DD6-D77F-4872-B6F0-4FC4B5E41E7C}.AppStore|iPhoneSimulator.Deploy.0 = Release|Any CPU
		{941E4DD6-D77F-4872-B6F0-4FC4B5E41E7C}.AppStore|x64.ActiveCfg = Release|Any CPU
		{941E4DD6-D77F-4872-B6F0-4FC4B5E41E7C}.AppStore|x64.Build.0 = Release|Any CPU
		{941E4DD6-D77F-4872-B6F0-4FC4B5E41E7C}.AppStore|x64.Deploy.0 = Release|Any CPU
		{941E4DD6-D77F-4872-B6F0-4FC4B5E41E7C}.AppStore|x86.ActiveCfg = Release|Any CPU
		{941E4DD6-D77F-4872-B6F0-4FC4B5E41E7C}.AppStore|x86.Build.0 = Release|Any CPU
		{941E4DD6-D77F-4872-B6F0-4FC4B5E41E7C}.AppStore|x86.Deploy.0 = Release|Any CPU
		{941E4DD6-D77F-4872-B6F0-4FC4B5E41E7C}.Debug|Any CPU.ActiveCfg = Debug|Any CPU
		{941E4DD6-D77F-4872-B6F0-4FC4B5E41E7C}.Debug|Any CPU.Build.0 = Debug|Any CPU
		{941E4DD6-D77F-4872-B6F0-4FC4B5E41E7C}.Debug|Any CPU.Deploy.0 = Debug|Any CPU
		{941E4DD6-D77F-4872-B6F0-4FC4B5E41E7C}.Debug|ARM.ActiveCfg = Debug|Any CPU
		{941E4DD6-D77F-4872-B6F0-4FC4B5E41E7C}.Debug|ARM.Build.0 = Debug|Any CPU
		{941E4DD6-D77F-4872-B6F0-4FC4B5E41E7C}.Debug|ARM.Deploy.0 = Debug|Any CPU
		{941E4DD6-D77F-4872-B6F0-4FC4B5E41E7C}.Debug|iPhone.ActiveCfg = Debug|Any CPU
		{941E4DD6-D77F-4872-B6F0-4FC4B5E41E7C}.Debug|iPhone.Build.0 = Debug|Any CPU
		{941E4DD6-D77F-4872-B6F0-4FC4B5E41E7C}.Debug|iPhone.Deploy.0 = Debug|Any CPU
		{941E4DD6-D77F-4872-B6F0-4FC4B5E41E7C}.Debug|iPhoneSimulator.ActiveCfg = Debug|Any CPU
		{941E4DD6-D77F-4872-B6F0-4FC4B5E41E7C}.Debug|iPhoneSimulator.Build.0 = Debug|Any CPU
		{941E4DD6-D77F-4872-B6F0-4FC4B5E41E7C}.Debug|iPhoneSimulator.Deploy.0 = Debug|Any CPU
		{941E4DD6-D77F-4872-B6F0-4FC4B5E41E7C}.Debug|x64.ActiveCfg = Debug|Any CPU
		{941E4DD6-D77F-4872-B6F0-4FC4B5E41E7C}.Debug|x64.Build.0 = Debug|Any CPU
		{941E4DD6-D77F-4872-B6F0-4FC4B5E41E7C}.Debug|x64.Deploy.0 = Debug|Any CPU
		{941E4DD6-D77F-4872-B6F0-4FC4B5E41E7C}.Debug|x86.ActiveCfg = Debug|Any CPU
		{941E4DD6-D77F-4872-B6F0-4FC4B5E41E7C}.Debug|x86.Build.0 = Debug|Any CPU
		{941E4DD6-D77F-4872-B6F0-4FC4B5E41E7C}.Debug|x86.Deploy.0 = Debug|Any CPU
		{941E4DD6-D77F-4872-B6F0-4FC4B5E41E7C}.Release|Any CPU.ActiveCfg = Release|Any CPU
		{941E4DD6-D77F-4872-B6F0-4FC4B5E41E7C}.Release|Any CPU.Build.0 = Release|Any CPU
		{941E4DD6-D77F-4872-B6F0-4FC4B5E41E7C}.Release|Any CPU.Deploy.0 = Release|Any CPU
		{941E4DD6-D77F-4872-B6F0-4FC4B5E41E7C}.Release|ARM.ActiveCfg = Release|Any CPU
		{941E4DD6-D77F-4872-B6F0-4FC4B5E41E7C}.Release|ARM.Build.0 = Release|Any CPU
		{941E4DD6-D77F-4872-B6F0-4FC4B5E41E7C}.Release|ARM.Deploy.0 = Release|Any CPU
		{941E4DD6-D77F-4872-B6F0-4FC4B5E41E7C}.Release|iPhone.ActiveCfg = Release|Any CPU
		{941E4DD6-D77F-4872-B6F0-4FC4B5E41E7C}.Release|iPhone.Build.0 = Release|Any CPU
		{941E4DD6-D77F-4872-B6F0-4FC4B5E41E7C}.Release|iPhone.Deploy.0 = Release|Any CPU
		{941E4DD6-D77F-4872-B6F0-4FC4B5E41E7C}.Release|iPhoneSimulator.ActiveCfg = Release|Any CPU
		{941E4DD6-D77F-4872-B6F0-4FC4B5E41E7C}.Release|iPhoneSimulator.Build.0 = Release|Any CPU
		{941E4DD6-D77F-4872-B6F0-4FC4B5E41E7C}.Release|iPhoneSimulator.Deploy.0 = Release|Any CPU
		{941E4DD6-D77F-4872-B6F0-4FC4B5E41E7C}.Release|x64.ActiveCfg = Release|Any CPU
		{941E4DD6-D77F-4872-B6F0-4FC4B5E41E7C}.Release|x64.Build.0 = Release|Any CPU
		{941E4DD6-D77F-4872-B6F0-4FC4B5E41E7C}.Release|x64.Deploy.0 = Release|Any CPU
		{941E4DD6-D77F-4872-B6F0-4FC4B5E41E7C}.Release|x86.ActiveCfg = Release|Any CPU
		{941E4DD6-D77F-4872-B6F0-4FC4B5E41E7C}.Release|x86.Build.0 = Release|Any CPU
		{941E4DD6-D77F-4872-B6F0-4FC4B5E41E7C}.Release|x86.Deploy.0 = Release|Any CPU
		{9C751FBB-6793-49B1-976F-EDE1581C9B98}.Ad-Hoc|Any CPU.ActiveCfg = Ad-Hoc|iPhone
		{9C751FBB-6793-49B1-976F-EDE1581C9B98}.Ad-Hoc|ARM.ActiveCfg = Ad-Hoc|iPhone
		{9C751FBB-6793-49B1-976F-EDE1581C9B98}.Ad-Hoc|iPhone.ActiveCfg = Ad-Hoc|iPhone
		{9C751FBB-6793-49B1-976F-EDE1581C9B98}.Ad-Hoc|iPhone.Build.0 = Ad-Hoc|iPhone
		{9C751FBB-6793-49B1-976F-EDE1581C9B98}.Ad-Hoc|iPhoneSimulator.ActiveCfg = Ad-Hoc|iPhoneSimulator
		{9C751FBB-6793-49B1-976F-EDE1581C9B98}.Ad-Hoc|iPhoneSimulator.Build.0 = Ad-Hoc|iPhoneSimulator
		{9C751FBB-6793-49B1-976F-EDE1581C9B98}.Ad-Hoc|x64.ActiveCfg = Ad-Hoc|iPhone
		{9C751FBB-6793-49B1-976F-EDE1581C9B98}.Ad-Hoc|x86.ActiveCfg = Ad-Hoc|iPhone
		{9C751FBB-6793-49B1-976F-EDE1581C9B98}.AppStore|Any CPU.ActiveCfg = AppStore|iPhone
		{9C751FBB-6793-49B1-976F-EDE1581C9B98}.AppStore|ARM.ActiveCfg = AppStore|iPhone
		{9C751FBB-6793-49B1-976F-EDE1581C9B98}.AppStore|iPhone.ActiveCfg = AppStore|iPhone
		{9C751FBB-6793-49B1-976F-EDE1581C9B98}.AppStore|iPhone.Build.0 = AppStore|iPhone
		{9C751FBB-6793-49B1-976F-EDE1581C9B98}.AppStore|iPhoneSimulator.ActiveCfg = AppStore|iPhoneSimulator
		{9C751FBB-6793-49B1-976F-EDE1581C9B98}.AppStore|iPhoneSimulator.Build.0 = AppStore|iPhoneSimulator
		{9C751FBB-6793-49B1-976F-EDE1581C9B98}.AppStore|x64.ActiveCfg = AppStore|iPhone
		{9C751FBB-6793-49B1-976F-EDE1581C9B98}.AppStore|x86.ActiveCfg = AppStore|iPhone
		{9C751FBB-6793-49B1-976F-EDE1581C9B98}.Debug|Any CPU.ActiveCfg = Debug|iPhone
		{9C751FBB-6793-49B1-976F-EDE1581C9B98}.Debug|ARM.ActiveCfg = Debug|iPhone
		{9C751FBB-6793-49B1-976F-EDE1581C9B98}.Debug|iPhone.ActiveCfg = Debug|iPhone
		{9C751FBB-6793-49B1-976F-EDE1581C9B98}.Debug|iPhone.Build.0 = Debug|iPhone
		{9C751FBB-6793-49B1-976F-EDE1581C9B98}.Debug|iPhoneSimulator.ActiveCfg = Debug|iPhoneSimulator
		{9C751FBB-6793-49B1-976F-EDE1581C9B98}.Debug|iPhoneSimulator.Build.0 = Debug|iPhoneSimulator
		{9C751FBB-6793-49B1-976F-EDE1581C9B98}.Debug|x64.ActiveCfg = Debug|iPhone
		{9C751FBB-6793-49B1-976F-EDE1581C9B98}.Debug|x86.ActiveCfg = Debug|iPhone
		{9C751FBB-6793-49B1-976F-EDE1581C9B98}.Release|Any CPU.ActiveCfg = Release|iPhone
		{9C751FBB-6793-49B1-976F-EDE1581C9B98}.Release|ARM.ActiveCfg = Release|iPhone
		{9C751FBB-6793-49B1-976F-EDE1581C9B98}.Release|iPhone.ActiveCfg = Release|iPhone
		{9C751FBB-6793-49B1-976F-EDE1581C9B98}.Release|iPhone.Build.0 = Release|iPhone
		{9C751FBB-6793-49B1-976F-EDE1581C9B98}.Release|iPhoneSimulator.ActiveCfg = Release|iPhoneSimulator
		{9C751FBB-6793-49B1-976F-EDE1581C9B98}.Release|iPhoneSimulator.Build.0 = Release|iPhoneSimulator
		{9C751FBB-6793-49B1-976F-EDE1581C9B98}.Release|x64.ActiveCfg = Release|iPhone
		{9C751FBB-6793-49B1-976F-EDE1581C9B98}.Release|x86.ActiveCfg = Release|iPhone
		{F6885FEC-1102-4725-9B5F-01E58EE9EA61}.Ad-Hoc|Any CPU.ActiveCfg = Release|x86
		{F6885FEC-1102-4725-9B5F-01E58EE9EA61}.Ad-Hoc|Any CPU.Build.0 = Release|x86
		{F6885FEC-1102-4725-9B5F-01E58EE9EA61}.Ad-Hoc|Any CPU.Deploy.0 = Release|x86
		{F6885FEC-1102-4725-9B5F-01E58EE9EA61}.Ad-Hoc|ARM.ActiveCfg = Release|ARM
		{F6885FEC-1102-4725-9B5F-01E58EE9EA61}.Ad-Hoc|ARM.Build.0 = Release|ARM
		{F6885FEC-1102-4725-9B5F-01E58EE9EA61}.Ad-Hoc|ARM.Deploy.0 = Release|ARM
		{F6885FEC-1102-4725-9B5F-01E58EE9EA61}.Ad-Hoc|iPhone.ActiveCfg = Release|x86
		{F6885FEC-1102-4725-9B5F-01E58EE9EA61}.Ad-Hoc|iPhone.Build.0 = Release|x86
		{F6885FEC-1102-4725-9B5F-01E58EE9EA61}.Ad-Hoc|iPhone.Deploy.0 = Release|x86
		{F6885FEC-1102-4725-9B5F-01E58EE9EA61}.Ad-Hoc|iPhoneSimulator.ActiveCfg = Release|x86
		{F6885FEC-1102-4725-9B5F-01E58EE9EA61}.Ad-Hoc|iPhoneSimulator.Build.0 = Release|x86
		{F6885FEC-1102-4725-9B5F-01E58EE9EA61}.Ad-Hoc|iPhoneSimulator.Deploy.0 = Release|x86
		{F6885FEC-1102-4725-9B5F-01E58EE9EA61}.Ad-Hoc|x64.ActiveCfg = Release|x64
		{F6885FEC-1102-4725-9B5F-01E58EE9EA61}.Ad-Hoc|x64.Build.0 = Release|x64
		{F6885FEC-1102-4725-9B5F-01E58EE9EA61}.Ad-Hoc|x64.Deploy.0 = Release|x64
		{F6885FEC-1102-4725-9B5F-01E58EE9EA61}.Ad-Hoc|x86.ActiveCfg = Release|x86
		{F6885FEC-1102-4725-9B5F-01E58EE9EA61}.Ad-Hoc|x86.Build.0 = Release|x86
		{F6885FEC-1102-4725-9B5F-01E58EE9EA61}.Ad-Hoc|x86.Deploy.0 = Release|x86
		{F6885FEC-1102-4725-9B5F-01E58EE9EA61}.AppStore|Any CPU.ActiveCfg = Release|x86
		{F6885FEC-1102-4725-9B5F-01E58EE9EA61}.AppStore|Any CPU.Build.0 = Release|x86
		{F6885FEC-1102-4725-9B5F-01E58EE9EA61}.AppStore|Any CPU.Deploy.0 = Release|x86
		{F6885FEC-1102-4725-9B5F-01E58EE9EA61}.AppStore|ARM.ActiveCfg = Release|ARM
		{F6885FEC-1102-4725-9B5F-01E58EE9EA61}.AppStore|ARM.Build.0 = Release|ARM
		{F6885FEC-1102-4725-9B5F-01E58EE9EA61}.AppStore|ARM.Deploy.0 = Release|ARM
		{F6885FEC-1102-4725-9B5F-01E58EE9EA61}.AppStore|iPhone.ActiveCfg = Release|x86
		{F6885FEC-1102-4725-9B5F-01E58EE9EA61}.AppStore|iPhone.Build.0 = Release|x86
		{F6885FEC-1102-4725-9B5F-01E58EE9EA61}.AppStore|iPhone.Deploy.0 = Release|x86
		{F6885FEC-1102-4725-9B5F-01E58EE9EA61}.AppStore|iPhoneSimulator.ActiveCfg = Release|x86
		{F6885FEC-1102-4725-9B5F-01E58EE9EA61}.AppStore|iPhoneSimulator.Build.0 = Release|x86
		{F6885FEC-1102-4725-9B5F-01E58EE9EA61}.AppStore|iPhoneSimulator.Deploy.0 = Release|x86
		{F6885FEC-1102-4725-9B5F-01E58EE9EA61}.AppStore|x64.ActiveCfg = Release|x64
		{F6885FEC-1102-4725-9B5F-01E58EE9EA61}.AppStore|x64.Build.0 = Release|x64
		{F6885FEC-1102-4725-9B5F-01E58EE9EA61}.AppStore|x64.Deploy.0 = Release|x64
		{F6885FEC-1102-4725-9B5F-01E58EE9EA61}.AppStore|x86.ActiveCfg = Release|x86
		{F6885FEC-1102-4725-9B5F-01E58EE9EA61}.AppStore|x86.Build.0 = Release|x86
		{F6885FEC-1102-4725-9B5F-01E58EE9EA61}.AppStore|x86.Deploy.0 = Release|x86
		{F6885FEC-1102-4725-9B5F-01E58EE9EA61}.Debug|Any CPU.ActiveCfg = Debug|x86
		{F6885FEC-1102-4725-9B5F-01E58EE9EA61}.Debug|ARM.ActiveCfg = Debug|ARM
		{F6885FEC-1102-4725-9B5F-01E58EE9EA61}.Debug|ARM.Build.0 = Debug|ARM
		{F6885FEC-1102-4725-9B5F-01E58EE9EA61}.Debug|ARM.Deploy.0 = Debug|ARM
		{F6885FEC-1102-4725-9B5F-01E58EE9EA61}.Debug|iPhone.ActiveCfg = Debug|x86
		{F6885FEC-1102-4725-9B5F-01E58EE9EA61}.Debug|iPhoneSimulator.ActiveCfg = Debug|x86
		{F6885FEC-1102-4725-9B5F-01E58EE9EA61}.Debug|x64.ActiveCfg = Debug|x64
		{F6885FEC-1102-4725-9B5F-01E58EE9EA61}.Debug|x64.Build.0 = Debug|x64
		{F6885FEC-1102-4725-9B5F-01E58EE9EA61}.Debug|x64.Deploy.0 = Debug|x64
		{F6885FEC-1102-4725-9B5F-01E58EE9EA61}.Debug|x86.ActiveCfg = Debug|x86
		{F6885FEC-1102-4725-9B5F-01E58EE9EA61}.Debug|x86.Build.0 = Debug|x86
		{F6885FEC-1102-4725-9B5F-01E58EE9EA61}.Debug|x86.Deploy.0 = Debug|x86
		{F6885FEC-1102-4725-9B5F-01E58EE9EA61}.Release|Any CPU.ActiveCfg = Release|x86
		{F6885FEC-1102-4725-9B5F-01E58EE9EA61}.Release|ARM.ActiveCfg = Release|ARM
		{F6885FEC-1102-4725-9B5F-01E58EE9EA61}.Release|ARM.Build.0 = Release|ARM
		{F6885FEC-1102-4725-9B5F-01E58EE9EA61}.Release|ARM.Deploy.0 = Release|ARM
		{F6885FEC-1102-4725-9B5F-01E58EE9EA61}.Release|iPhone.ActiveCfg = Release|x86
		{F6885FEC-1102-4725-9B5F-01E58EE9EA61}.Release|iPhoneSimulator.ActiveCfg = Release|x86
		{F6885FEC-1102-4725-9B5F-01E58EE9EA61}.Release|x64.ActiveCfg = Release|x64
		{F6885FEC-1102-4725-9B5F-01E58EE9EA61}.Release|x64.Build.0 = Release|x64
		{F6885FEC-1102-4725-9B5F-01E58EE9EA61}.Release|x64.Deploy.0 = Release|x64
		{F6885FEC-1102-4725-9B5F-01E58EE9EA61}.Release|x86.ActiveCfg = Release|x86
		{F6885FEC-1102-4725-9B5F-01E58EE9EA61}.Release|x86.Build.0 = Release|x86
		{F6885FEC-1102-4725-9B5F-01E58EE9EA61}.Release|x86.Deploy.0 = Release|x86
	EndGlobalSection
	GlobalSection(SolutionProperties) = preSolution
		HideSolutionNode = FALSE
	EndGlobalSection
	GlobalSection(ExtensibilityGlobals) = postSolution
		SolutionGuid = {2593411B-0F63-4C20-93D6-FB227575181B}
	EndGlobalSection
EndGlobal
